
Microsoft Visual Studio Solution File, Format Version 12.00
Project("{8BC9CEB8-8B4A-11D0-8D11-00A0C91BC942}") = "Client", "Client\Client.vcxproj", "{E590143E-BC1F-4B8D-9EEB-5576BB1CFCEB}"
EndProject
Global
	GlobalSection(SolutionConfigurationPlatforms) = preSolution
		Debug|Win32 = Debug|Win32
		Debug|x64 = Debug|x64
		Release|Win32 = Release|Win32
		Release|x64 = Release|x64
	EndGlobalSection
	GlobalSection(ProjectConfigurationPlatforms) = postSolution
		{E590143E-BC1F-4B8D-9EEB-5576BB1CFCEB}.Debug|Win32.ActiveCfg = Debug|Win32
		{E590143E-BC1F-4B8D-9EEB-5576BB1CFCEB}.Debug|Win32.Build.0 = Debug|Win32
		{E590143E-BC1F-4B8D-9EEB-5576BB1CFCEB}.Debug|x64.ActiveCfg = Debug|x64
		{E590143E-BC1F-4B8D-9EEB-5576BB1CFCEB}.Debug|x64.Build.0 = Debug|x64
		{E590143E-BC1F-4B8D-9EEB-5576BB1CFCEB}.Release|Win32.ActiveCfg = Release|Win32
		{E590143E-BC1F-4B8D-9EEB-5576BB1CFCEB}.Release|Win32.Build.0 = Release|Win32
		{E590143E-BC1F-4B8D-9EEB-5576BB1CFCEB}.Release|x64.ActiveCfg = Release|x64
		{E590143E-BC1F-4B8D-9EEB-5576BB1CFCEB}.Release|x64.Build.0 = Release|x64
	EndGlobalSection
EndGlobal
